# This file is automatically @generated by Cargo.
# It is not intended for manual editing.
version = 4

[[package]]
name = "monumentum_db"
version = "0.1.0"

[[package]]
name = "monumentum_query"
version = "0.1.0"

[[package]]
name = "monumentum_workbook"
version = "0.1.0"
dependencies = [
 "monumentum_db",
]
